{
  "name": "blog",
  "requires": true,
  "lockfileVersion": 1,
  "dependencies": {
    "multiselect": {
      "version": "github:lou/multi-select#e0522118f1de1eed4db642d485a158a259fe265a",
      "from": "github:lou/multi-select"
    },
    "ress": {
      "version": "1.2.2",
      "resolved": "https://registry.npmjs.org/ress/-/ress-1.2.2.tgz",
      "integrity": "sha1-T9AGgcjTzqp59d4eVKqtFWF+l3c="
    }
  }
}
